
Microsoft Visual Studio Solution File, Format Version 12.00
# Visual Studio 14
VisualStudioVersion = 14.0.25123.0
MinimumVisualStudioVersion = 10.0.40219.1
Project("{FAE04EC0-301F-11D3-BF4B-00C04F79EFBC}") = "Thot", "Thot\Thot.csproj", "{B867517A-45D9-43C4-9A5F-8E507B6C2B71}"
EndProject
Project("{FAE04EC0-301F-11D3-BF4B-00C04F79EFBC}") = "Template", "Template\Template.csproj", "{C8BE0B5E-6E08-4A17-8B94-55ED8BB3D372}"
EndProject
Global
	GlobalSection(SolutionConfigurationPlatforms) = preSolution
		Debug|Any CPU = Debug|Any CPU
		Release|Any CPU = Release|Any CPU
	EndGlobalSection
	GlobalSection(ProjectConfigurationPlatforms) = postSolution
		{B867517A-45D9-43C4-9A5F-8E507B6C2B71}.Debug|Any CPU.ActiveCfg = Debug|Any CPU
		{B867517A-45D9-43C4-9A5F-8E507B6C2B71}.Debug|Any CPU.Build.0 = Debug|Any CPU
		{B867517A-45D9-43C4-9A5F-8E507B6C2B71}.Release|Any CPU.ActiveCfg = Release|Any CPU
		{B867517A-45D9-43C4-9A5F-8E507B6C2B71}.Release|Any CPU.Build.0 = Release|Any CPU
		{C8BE0B5E-6E08-4A17-8B94-55ED8BB3D372}.Debug|Any CPU.ActiveCfg = Debug|Any CPU
		{C8BE0B5E-6E08-4A17-8B94-55ED8BB3D372}.Debug|Any CPU.Build.0 = Debug|Any CPU
		{C8BE0B5E-6E08-4A17-8B94-55ED8BB3D372}.Release|Any CPU.ActiveCfg = Release|Any CPU
		{C8BE0B5E-6E08-4A17-8B94-55ED8BB3D372}.Release|Any CPU.Build.0 = Release|Any CPU
	EndGlobalSection
	GlobalSection(SolutionProperties) = preSolution
		HideSolutionNode = FALSE
	EndGlobalSection
EndGlobal
